<?xml version="1.0" encoding="utf-8"?>
<Project ToolsVersion="4.0" xmlns="http://schemas.microsoft.com/developer/msbuild/2003">
  <ItemGroup>
    <Filter Include="00.System">
      <UniqueIdentifier>{64964ede-8406-494d-b8e2-3808f1588e13}</UniqueIdentifier>
    </Filter>
    <Filter Include="99.headers">
      <UniqueIdentifier>{16727a91-ef8d-45eb-8c89-49023ec968e4}</UniqueIdentifier>
    </Filter>
    <Filter Include="02.GameObject">
      <UniqueIdentifier>{e5c6123c-a0aa-4e98-9ecf-e6cf82abec6b}</UniqueIdentifier>
    </Filter>
    <Filter Include="01.Component">
      <UniqueIdentifier>{de592cb9-6f37-40b9-ba71-8279d78b1694}</UniqueIdentifier>
    </Filter>
    <Filter Include="01.Component\Transform">
      <UniqueIdentifier>{1a28b13e-0256-4fe3-a620-e8ca08cdd366}</UniqueIdentifier>
    </Filter>
    <Filter Include="01.Component\Shape">
      <UniqueIdentifier>{8b79e289-9745-41fb-adcd-57906e12f011}</UniqueIdentifier>
    </Filter>
    <Filter Include="02.GameObject\00.Camera">
      <UniqueIdentifier>{8d457d80-40cb-43d7-aab5-9c6025c2cd9e}</UniqueIdentifier>
    </Filter>
    <Filter Include="00.System\MyGame">
      <UniqueIdentifier>{33da0358-40ab-4522-835c-e6ba39f86141}</UniqueIdentifier>
    </Filter>
    <Filter Include="00.System\Timer">
      <UniqueIdentifier>{4be93039-00c3-49ce-985e-d0c9ee97c587}</UniqueIdentifier>
    </Filter>
    <Filter Include="00.System\RenderManager">
      <UniqueIdentifier>{bf7c62ee-4227-4b1e-b014-32985e954ddb}</UniqueIdentifier>
    </Filter>
    <Filter Include="02.GameObject\01.BaseObject">
      <UniqueIdentifier>{d567edb0-19c0-4fe6-819f-83af97a24722}</UniqueIdentifier>
    </Filter>
    <Filter Include="02.GameObject\02.Board">
      <UniqueIdentifier>{ed169c49-22d0-458b-b44d-f5c39bc21d25}</UniqueIdentifier>
    </Filter>
    <Filter Include="02.GameObject\03.과제">
      <UniqueIdentifier>{f27e6d63-9da6-4d82-9dc9-412af1cd80d0}</UniqueIdentifier>
    </Filter>
    <Filter Include="02.GameObject\03.과제\4-2">
      <UniqueIdentifier>{3a8a5e65-9c8c-4924-87fd-456121571891}</UniqueIdentifier>
    </Filter>
    <Filter Include="00.System\RawInput">
      <UniqueIdentifier>{11b01f12-452e-420b-b44e-7c5b5edb66d3}</UniqueIdentifier>
    </Filter>
    <Filter Include="00.System\RandomEngine">
      <UniqueIdentifier>{8b0edaa1-c75f-4bca-8d86-915e0a483e6a}</UniqueIdentifier>
    </Filter>
    <Filter Include="02.GameObject\03.과제\4-3">
      <UniqueIdentifier>{7cdf89c0-5d9f-4475-b15b-01b5c6088c6b}</UniqueIdentifier>
    </Filter>
  </ItemGroup>
  <ItemGroup>
    <ClInclude Include="..\Public\Utils.hpp">
      <Filter>99.headers</Filter>
    </ClInclude>
    <ClInclude Include="..\Public\Component.h">
      <Filter>01.Component</Filter>
    </ClInclude>
    <ClInclude Include="..\Public\Transform.h">
      <Filter>01.Component\Transform</Filter>
    </ClInclude>
    <ClInclude Include="..\Public\shape.h">
      <Filter>01.Component\Shape</Filter>
    </ClInclude>
    <ClInclude Include="..\Public\GameObject.h">
      <Filter>02.GameObject</Filter>
    </ClInclude>
    <ClInclude Include="..\Public\Camera.h">
      <Filter>02.GameObject\00.Camera</Filter>
    </ClInclude>
    <ClInclude Include="..\Public\MyGame.h">
      <Filter>00.System\MyGame</Filter>
    </ClInclude>
    <ClInclude Include="..\Public\Random_Engine.hpp">
      <Filter>00.System\RandomEngine</Filter>
    </ClInclude>
    <ClInclude Include="..\Public\Timer.h">
      <Filter>00.System\Timer</Filter>
    </ClInclude>
    <ClInclude Include="..\Public\RenderManager.h">
      <Filter>00.System\RenderManager</Filter>
    </ClInclude>
    <ClInclude Include="..\Public\BaseObject.h">
      <Filter>02.GameObject\01.BaseObject</Filter>
    </ClInclude>
    <ClInclude Include="..\Public\Board.h">
      <Filter>02.GameObject\02.Board</Filter>
    </ClInclude>
    <ClInclude Include="..\Public\HW4_2.h">
      <Filter>02.GameObject\03.과제\4-2</Filter>
    </ClInclude>
    <ClInclude Include="..\Public\RawInput.hpp">
      <Filter>00.System\RawInput</Filter>
    </ClInclude>
    <ClInclude Include="..\Public\HW4_3.h">
      <Filter>02.GameObject\03.과제\4-3</Filter>
    </ClInclude>
  </ItemGroup>
  <ItemGroup>
    <ClCompile Include="..\Private\Component.cpp">
      <Filter>01.Component</Filter>
    </ClCompile>
    <ClCompile Include="..\Private\Transform.cpp">
      <Filter>01.Component\Transform</Filter>
    </ClCompile>
    <ClCompile Include="..\Private\shape.cpp">
      <Filter>01.Component\Shape</Filter>
    </ClCompile>
    <ClCompile Include="..\Private\GameObject.cpp">
      <Filter>02.GameObject</Filter>
    </ClCompile>
    <ClCompile Include="..\Private\main.cpp">
      <Filter>00.System</Filter>
    </ClCompile>
    <ClCompile Include="..\Private\Camera.cpp">
      <Filter>02.GameObject\00.Camera</Filter>
    </ClCompile>
    <ClCompile Include="..\Private\MyGame.cpp">
      <Filter>00.System\MyGame</Filter>
    </ClCompile>
    <ClCompile Include="..\Private\Timer.cpp">
      <Filter>00.System\Timer</Filter>
    </ClCompile>
    <ClCompile Include="..\Private\BaseObject.cpp">
      <Filter>02.GameObject\01.BaseObject</Filter>
    </ClCompile>
    <ClCompile Include="..\Private\Board.cpp">
      <Filter>02.GameObject\02.Board</Filter>
    </ClCompile>
    <ClCompile Include="..\Private\HW4_2.cpp">
      <Filter>02.GameObject\03.과제\4-2</Filter>
    </ClCompile>
    <ClCompile Include="..\Private\HW4_3.cpp">
      <Filter>02.GameObject\03.과제\4-3</Filter>
    </ClCompile>
  </ItemGroup>
</Project>